
Microsoft Visual Studio Solution File, Format Version 12.00
# Visual Studio 15
VisualStudioVersion = 15.0.26730.12
MinimumVisualStudioVersion = 10.0.40219.1
Project("{9A19103F-16F7-4668-BE54-9A1E7A4F7556}") = "MeetHooks.Portal", "MeetHooks.Portal\MeetHooks.Portal.csproj", "{DD550D96-C8B9-4922-842E-6E87EE8CA529}"
EndProject
Project("{9A19103F-16F7-4668-BE54-9A1E7A4F7556}") = "MeetHooks.Engine", "MeetHooks.Engine\MeetHooks.Engine.csproj", "{E894A4E2-5EEE-403F-8078-793F8643372B}"
EndProject
Project("{FAE04EC0-301F-11D3-BF4B-00C04F79EFBC}") = "MeetHooks.Engine.Tests", "MeetHooks.Engine.Tests\MeetHooks.Engine.Tests.csproj", "{F929154F-FB63-495D-8C9D-77B570704031}"
EndProject
Global
	GlobalSection(SolutionConfigurationPlatforms) = preSolution
		Debug|Any CPU = Debug|Any CPU
		Release|Any CPU = Release|Any CPU
	EndGlobalSection
	GlobalSection(ProjectConfigurationPlatforms) = postSolution
		{DD550D96-C8B9-4922-842E-6E87EE8CA529}.Debug|Any CPU.ActiveCfg = Debug|Any CPU
		{DD550D96-C8B9-4922-842E-6E87EE8CA529}.Debug|Any CPU.Build.0 = Debug|Any CPU
		{DD550D96-C8B9-4922-842E-6E87EE8CA529}.Release|Any CPU.ActiveCfg = Release|Any CPU
		{DD550D96-C8B9-4922-842E-6E87EE8CA529}.Release|Any CPU.Build.0 = Release|Any CPU
		{E894A4E2-5EEE-403F-8078-793F8643372B}.Debug|Any CPU.ActiveCfg = Debug|Any CPU
		{E894A4E2-5EEE-403F-8078-793F8643372B}.Debug|Any CPU.Build.0 = Debug|Any CPU
		{E894A4E2-5EEE-403F-8078-793F8643372B}.Release|Any CPU.ActiveCfg = Release|Any CPU
		{E894A4E2-5EEE-403F-8078-793F8643372B}.Release|Any CPU.Build.0 = Release|Any CPU
		{F929154F-FB63-495D-8C9D-77B570704031}.Debug|Any CPU.ActiveCfg = Debug|Any CPU
		{F929154F-FB63-495D-8C9D-77B570704031}.Debug|Any CPU.Build.0 = Debug|Any CPU
		{F929154F-FB63-495D-8C9D-77B570704031}.Release|Any CPU.ActiveCfg = Release|Any CPU
		{F929154F-FB63-495D-8C9D-77B570704031}.Release|Any CPU.Build.0 = Release|Any CPU
	EndGlobalSection
	GlobalSection(SolutionProperties) = preSolution
		HideSolutionNode = FALSE
	EndGlobalSection
	GlobalSection(ExtensibilityGlobals) = postSolution
		SolutionGuid = {F6511287-C4EC-45F7-8ED6-FE28CFA3FAF6}
	EndGlobalSection
EndGlobal
